
Microsoft Visual Studio Solution File, Format Version 12.00
# Visual Studio Version 17
VisualStudioVersion = 17.11.35208.52
MinimumVisualStudioVersion = 10.0.40219.1
Project("{FAE04EC0-301F-11D3-BF4B-00C04F79EFBC}") = "JSDocumentViewer", "JSDocumentViewer\JSDocumentViewer.csproj", "{2D443082-C6FD-42C0-8828-3E4B266F9B0A}"
EndProject
Global
	GlobalSection(SolutionConfigurationPlatforms) = preSolution
		Debug|Any CPU = Debug|Any CPU
		Release|Any CPU = Release|Any CPU
	EndGlobalSection
	GlobalSection(ProjectConfigurationPlatforms) = postSolution
		{2D443082-C6FD-42C0-8828-3E4B266F9B0A}.Debug|Any CPU.ActiveCfg = Debug|Any CPU
		{2D443082-C6FD-42C0-8828-3E4B266F9B0A}.Debug|Any CPU.Build.0 = Debug|Any CPU
		{2D443082-C6FD-42C0-8828-3E4B266F9B0A}.Release|Any CPU.ActiveCfg = Release|Any CPU
		{2D443082-C6FD-42C0-8828-3E4B266F9B0A}.Release|Any CPU.Build.0 = Release|Any CPU
	EndGlobalSection
	GlobalSection(SolutionProperties) = preSolution
		HideSolutionNode = FALSE
	EndGlobalSection
	GlobalSection(ExtensibilityGlobals) = postSolution
		SolutionGuid = {8A53FAE4-A665-42BF-810C-995DAF70E3EC}
	EndGlobalSection
EndGlobal
